
Microsoft Visual Studio Solution File, Format Version 12.00
# Visual Studio Version 17
VisualStudioVersion = 17.10.34707.107
MinimumVisualStudioVersion = 10.0.40219.1
Project("{9A19103F-16F7-4668-BE54-9A1E7A4F7556}") = "Po_Assignment", "Po_Assignment\Po_Assignment.csproj", "{599F7466-BC77-4144-B631-E1CCF42397A4}"
EndProject
Global
	GlobalSection(SolutionConfigurationPlatforms) = preSolution
		Debug|Any CPU = Debug|Any CPU
		Release|Any CPU = Release|Any CPU
	EndGlobalSection
	GlobalSection(ProjectConfigurationPlatforms) = postSolution
		{599F7466-BC77-4144-B631-E1CCF42397A4}.Debug|Any CPU.ActiveCfg = Debug|Any CPU
		{599F7466-BC77-4144-B631-E1CCF42397A4}.Debug|Any CPU.Build.0 = Debug|Any CPU
		{599F7466-BC77-4144-B631-E1CCF42397A4}.Release|Any CPU.ActiveCfg = Release|Any CPU
		{599F7466-BC77-4144-B631-E1CCF42397A4}.Release|Any CPU.Build.0 = Release|Any CPU
	EndGlobalSection
	GlobalSection(SolutionProperties) = preSolution
		HideSolutionNode = FALSE
	EndGlobalSection
	GlobalSection(ExtensibilityGlobals) = postSolution
		SolutionGuid = {66BE9CE4-E721-4389-8654-3E68F76C3721}
	EndGlobalSection
EndGlobal
